
Microsoft Visual Studio Solution File, Format Version 12.00
# Visual Studio Version 16
VisualStudioVersion = 16.0.29503.13
MinimumVisualStudioVersion = 10.0.40219.1
Project("{FAE04EC0-301F-11D3-BF4B-00C04F79EFBC}") = "VasudaMall", "VasudaMall\VasudaMall.csproj", "{28652F27-79D6-417F-8D23-71D81AA2E66D}"
EndProject
Project("{FAE04EC0-301F-11D3-BF4B-00C04F79EFBC}") = "VasudaDataAccess", "VasudaDataAccess\VasudaDataAccess.csproj", "{357CE393-9A83-4961-8C20-F5D485E100D2}"
EndProject
Global
	GlobalSection(SolutionConfigurationPlatforms) = preSolution
		Debug|Any CPU = Debug|Any CPU
		Release|Any CPU = Release|Any CPU
	EndGlobalSection
	GlobalSection(ProjectConfigurationPlatforms) = postSolution
		{28652F27-79D6-417F-8D23-71D81AA2E66D}.Debug|Any CPU.ActiveCfg = Debug|Any CPU
		{28652F27-79D6-417F-8D23-71D81AA2E66D}.Debug|Any CPU.Build.0 = Debug|Any CPU
		{28652F27-79D6-417F-8D23-71D81AA2E66D}.Release|Any CPU.ActiveCfg = Release|Any CPU
		{28652F27-79D6-417F-8D23-71D81AA2E66D}.Release|Any CPU.Build.0 = Release|Any CPU
		{357CE393-9A83-4961-8C20-F5D485E100D2}.Debug|Any CPU.ActiveCfg = Debug|Any CPU
		{357CE393-9A83-4961-8C20-F5D485E100D2}.Debug|Any CPU.Build.0 = Debug|Any CPU
		{357CE393-9A83-4961-8C20-F5D485E100D2}.Release|Any CPU.ActiveCfg = Release|Any CPU
		{357CE393-9A83-4961-8C20-F5D485E100D2}.Release|Any CPU.Build.0 = Release|Any CPU
	EndGlobalSection
	GlobalSection(SolutionProperties) = preSolution
		HideSolutionNode = FALSE
	EndGlobalSection
	GlobalSection(ExtensibilityGlobals) = postSolution
		SolutionGuid = {007A10E7-FBF8-4595-9DE4-20C784D92787}
	EndGlobalSection
EndGlobal
